{
  "name": "wp-osma-charts",
  "version": "1.0.0",
  "lockfileVersion": 1,
  "requires": true,
  "dependencies": {
    "argparse": {
      "version": "1.0.9",
      "resolved": "https://registry.npmjs.org/argparse/-/argparse-1.0.9.tgz",
      "integrity": "sha1-c9g7wmP4bpf4zE9rrhsOkKfSLIY=",
      "requires": {
        "sprintf-js": "1.0.3"
      }
    },
    "classnames": {
      "version": "2.2.5",
      "resolved": "https://registry.npmjs.org/classnames/-/classnames-2.2.5.tgz",
      "integrity": "sha1-+zgB1FNGdknvNgPH1hoCvRKb3m0="
    },
    "cosmiconfig": {
      "version": "2.2.2",
      "resolved": "https://registry.npmjs.org/cosmiconfig/-/cosmiconfig-2.2.2.tgz",
      "integrity": "sha512-GiNXLwAFPYHy25XmTPpafYvn3CLAkJ8FLsscq78MQd1Kh0OU6Yzhn4eV2MVF4G9WEQZoWEGltatdR+ntGPMl5A==",
      "requires": {
        "is-directory": "0.3.1",
        "js-yaml": "3.9.1",
        "minimist": "1.2.0",
        "object-assign": "4.1.1",
        "os-homedir": "1.0.2",
        "parse-json": "2.2.0",
        "require-from-string": "1.2.1"
      }
    },
    "d3-array": {
      "version": "1.2.0",
      "resolved": "https://registry.npmjs.org/d3-array/-/d3-array-1.2.0.tgz",
      "integrity": "sha1-FH0mlyDhdMQFen9CvosPPyulMQg="
    },
    "d3-collection": {
      "version": "1.0.4",
      "resolved": "https://registry.npmjs.org/d3-collection/-/d3-collection-1.0.4.tgz",
      "integrity": "sha1-NC39EoN8kJdPM/HMCnha6lcNzcI="
    },
    "d3-color": {
      "version": "1.0.3",
      "resolved": "https://registry.npmjs.org/d3-color/-/d3-color-1.0.3.tgz",
      "integrity": "sha1-vHZD/KjlOoNH4vva/6I2eWtYUJs="
    },
    "d3-format": {
      "version": "1.2.0",
      "resolved": "https://registry.npmjs.org/d3-format/-/d3-format-1.2.0.tgz",
      "integrity": "sha1-a0gLqohohdRlHcJIqPSsnaFtsHo="
    },
    "d3-interpolate": {
      "version": "1.1.5",
      "resolved": "https://registry.npmjs.org/d3-interpolate/-/d3-interpolate-1.1.5.tgz",
      "integrity": "sha1-aeCZ/zkhRxblY8muw+qdHqS4p58=",
      "requires": {
        "d3-color": "1.0.3"
      }
    },
    "d3-scale": {
      "version": "1.0.6",
      "resolved": "https://registry.npmjs.org/d3-scale/-/d3-scale-1.0.6.tgz",
      "integrity": "sha1-vOGdqA06DPQiyVQ64zIghiILNO0=",
      "requires": {
        "d3-array": "1.2.0",
        "d3-collection": "1.0.4",
        "d3-color": "1.0.3",
        "d3-format": "1.2.0",
        "d3-interpolate": "1.1.5",
        "d3-time": "1.0.7",
        "d3-time-format": "2.0.5"
      }
    },
    "d3-time": {
      "version": "1.0.7",
      "resolved": "https://registry.npmjs.org/d3-time/-/d3-time-1.0.7.tgz",
      "integrity": "sha1-lMr27bt4ebuAnQ0fdXK8SEgvcnA="
    },
    "d3-time-format": {
      "version": "2.0.5",
      "resolved": "https://registry.npmjs.org/d3-time-format/-/d3-time-format-2.0.5.tgz",
      "integrity": "sha1-nXeAIE98kRnJFwsaVttN6aivly4=",
      "requires": {
        "d3-time": "1.0.7"
      }
    },
    "encoding": {
      "version": "0.1.12",
      "resolved": "https://registry.npmjs.org/encoding/-/encoding-0.1.12.tgz",
      "integrity": "sha1-U4tm8+5izRq1HsMjgp0flIDHS+s=",
      "requires": {
        "iconv-lite": "0.4.18"
      }
    },
    "error-ex": {
      "version": "1.3.1",
      "resolved": "https://registry.npmjs.org/error-ex/-/error-ex-1.3.1.tgz",
      "integrity": "sha1-+FWobOYa3E6GIcPNoh56dhLDqNw=",
      "requires": {
        "is-arrayish": "0.2.1"
      }
    },
    "es6-promise": {
      "version": "4.1.1",
      "resolved": "https://registry.npmjs.org/es6-promise/-/es6-promise-4.1.1.tgz",
      "integrity": "sha512-OaU1hHjgJf+b0NzsxCg7NdIYERD6Hy/PEmFLTjw+b65scuisG3Kt4QoTvJ66BBkPZ581gr0kpoVzKnxniM8nng=="
    },
    "esprima": {
      "version": "4.0.0",
      "resolved": "https://registry.npmjs.org/esprima/-/esprima-4.0.0.tgz",
      "integrity": "sha512-oftTcaMu/EGrEIu904mWteKIv8vMuOgGYo7EhVJJN00R/EED9DCua/xxHRdYnKtcECzVg7xOWhflvJMnqcFZjw=="
    },
    "iconv-lite": {
      "version": "0.4.18",
      "resolved": "https://registry.npmjs.org/iconv-lite/-/iconv-lite-0.4.18.tgz",
      "integrity": "sha512-sr1ZQph3UwHTR0XftSbK85OvBbxe/abLGzEnPENCQwmHf7sck8Oyu4ob3LgBxWWxRoM+QszeUyl7jbqapu2TqA=="
    },
    "is-arrayish": {
      "version": "0.2.1",
      "resolved": "https://registry.npmjs.org/is-arrayish/-/is-arrayish-0.2.1.tgz",
      "integrity": "sha1-d8mYQFJ6qOyxqLppe4BkWnqSap0="
    },
    "is-directory": {
      "version": "0.3.1",
      "resolved": "https://registry.npmjs.org/is-directory/-/is-directory-0.3.1.tgz",
      "integrity": "sha1-YTObbyR1/Hcv2cnYP1yFddwVSuE="
    },
    "is-stream": {
      "version": "1.1.0",
      "resolved": "https://registry.npmjs.org/is-stream/-/is-stream-1.1.0.tgz",
      "integrity": "sha1-EtSj3U5o4Lec6428hBc66A2RykQ="
    },
    "isomorphic-fetch": {
      "version": "2.2.1",
      "resolved": "https://registry.npmjs.org/isomorphic-fetch/-/isomorphic-fetch-2.2.1.tgz",
      "integrity": "sha1-YRrhrPFPXoH3KVB0coGf6XM1WKk=",
      "requires": {
        "node-fetch": "1.7.2",
        "whatwg-fetch": "2.0.3"
      }
    },
    "js-yaml": {
      "version": "3.9.1",
      "resolved": "https://registry.npmjs.org/js-yaml/-/js-yaml-3.9.1.tgz",
      "integrity": "sha512-CbcG379L1e+mWBnLvHWWeLs8GyV/EMw862uLI3c+GxVyDHWZcjZinwuBd3iW2pgxgIlksW/1vNJa4to+RvDOww==",
      "requires": {
        "argparse": "1.0.9",
        "esprima": "4.0.0"
      }
    },
    "lodash": {
      "version": "4.17.4",
      "resolved": "https://registry.npmjs.org/lodash/-/lodash-4.17.4.tgz",
      "integrity": "sha1-eCA6TRwyiuHYbcpkYONptX9AVa4="
    },
    "minimist": {
      "version": "1.2.0",
      "resolved": "https://registry.npmjs.org/minimist/-/minimist-1.2.0.tgz",
      "integrity": "sha1-o1AIsg9BOD7sH7kU9M1d95omQoQ="
    },
    "node-fetch": {
      "version": "1.7.2",
      "resolved": "https://registry.npmjs.org/node-fetch/-/node-fetch-1.7.2.tgz",
      "integrity": "sha512-xZZUq2yDhKMIn/UgG5q//IZSNLJIwW2QxS14CNH5spuiXkITM2pUitjdq58yLSaU7m4M0wBNaM2Gh/ggY4YJig==",
      "requires": {
        "encoding": "0.1.12",
        "is-stream": "1.1.0"
      }
    },
    "object-assign": {
      "version": "4.1.1",
      "resolved": "https://registry.npmjs.org/object-assign/-/object-assign-4.1.1.tgz",
      "integrity": "sha1-IQmtx5ZYh8/AXLvUQsrIv7s2CGM="
    },
    "os-homedir": {
      "version": "1.0.2",
      "resolved": "https://registry.npmjs.org/os-homedir/-/os-homedir-1.0.2.tgz",
      "integrity": "sha1-/7xJiDNuDoM94MFox+8VISGqf7M="
    },
    "osma-charts": {
      "version": "git+ssh://git@github.com/Vizzuality/osma-charts.git#bdfa129b1eac805e14892fe8c2c4453feed6d3ad",
      "requires": {
        "classnames": "2.2.5",
        "cosmiconfig": "2.2.2",
        "d3-scale": "1.0.6",
        "es6-promise": "4.1.1",
        "isomorphic-fetch": "2.2.1",
        "lodash": "4.17.4",
        "polished": "1.7.0",
        "preact": "8.2.5"
      }
    },
    "parse-json": {
      "version": "2.2.0",
      "resolved": "https://registry.npmjs.org/parse-json/-/parse-json-2.2.0.tgz",
      "integrity": "sha1-9ID0BDTvgHQfhGkJn43qGPVaTck=",
      "requires": {
        "error-ex": "1.3.1"
      }
    },
    "polished": {
      "version": "1.7.0",
      "resolved": "https://registry.npmjs.org/polished/-/polished-1.7.0.tgz",
      "integrity": "sha1-z8VRE/Uuns7HyE29DHCLmjI118M="
    },
    "preact": {
      "version": "8.2.5",
      "resolved": "https://registry.npmjs.org/preact/-/preact-8.2.5.tgz",
      "integrity": "sha1-y/o5YqgBJ2gVn20B1G+cHrMhPAo="
    },
    "require-from-string": {
      "version": "1.2.1",
      "resolved": "https://registry.npmjs.org/require-from-string/-/require-from-string-1.2.1.tgz",
      "integrity": "sha1-UpyczvJzgK3+yaL5ZbZJu+5jZBg="
    },
    "sprintf-js": {
      "version": "1.0.3",
      "resolved": "https://registry.npmjs.org/sprintf-js/-/sprintf-js-1.0.3.tgz",
      "integrity": "sha1-BOaSb2YolTVPPdAVIDYzuFcpfiw="
    },
    "whatwg-fetch": {
      "version": "2.0.3",
      "resolved": "https://registry.npmjs.org/whatwg-fetch/-/whatwg-fetch-2.0.3.tgz",
      "integrity": "sha1-nITsLc9oGH/wC8ZOEnS0QhduHIQ="
    }
  }
}
